{
    "name": "performance-tests",
    "lockfileVersion": 3,
    "requires": true,
    "packages": {
        "": {
            "name": "performance-tests",
            "devDependencies": {
                "@types/k6": "^0.47.1"
            }
        },
        "node_modules/@types/k6": {
            "version": "0.47.1",
            "resolved": "https://registry.npmjs.org/@types/k6/-/k6-0.47.1.tgz",
            "integrity": "sha512-dQCSM3WT4f5MWCyyxmY/fO+BSYS217nvlvOhDvqg4lZGfzbAuS6pOG+UuwoH+3mLTChccEds+0Q0q7YWBbtgMQ==",
            "dev": true
        }
    }
}
